# THIS IS AN AUTOGENERATED FILE. DO NOT EDIT THIS FILE DIRECTLY.
# yarn lockfile v1


"@types/estree@0.0.39":
  version "0.0.39"
  resolved "https://registry.yarnpkg.com/@types/estree/-/estree-0.0.39.tgz#e177e699ee1b8c22d23174caaa7422644389509f"

"@types/node@*":
  version "10.5.2"
  resolved "https://registry.yarnpkg.com/@types/node/-/node-10.5.2.tgz#f19f05314d5421fe37e74153254201a7bf00a707"

rollup@^0.63.2:
  version "0.63.2"
  resolved "https://registry.yarnpkg.com/rollup/-/rollup-0.63.2.tgz#d27619204cd025c948d740972fb1d0da6aa64481"
  dependencies:
    "@types/estree" "0.0.39"
    "@types/node" "*"
